
Microsoft Visual Studio Solution File, Format Version 12.00
# Visual Studio 2012
Project("{FAE04EC0-301F-11D3-BF4B-00C04F79EFBC}") = "EmailAddressBook_Tomlinson", "EmailAddressBook_Tomlinson\EmailAddressBook_Tomlinson.csproj", "{D4AAFBDC-C01F-4A8B-99EB-2C3119A140D0}"
EndProject
Global
	GlobalSection(SolutionConfigurationPlatforms) = preSolution
		Debug|Any CPU = Debug|Any CPU
		Release|Any CPU = Release|Any CPU
	EndGlobalSection
	GlobalSection(ProjectConfigurationPlatforms) = postSolution
		{D4AAFBDC-C01F-4A8B-99EB-2C3119A140D0}.Debug|Any CPU.ActiveCfg = Debug|Any CPU
		{D4AAFBDC-C01F-4A8B-99EB-2C3119A140D0}.Debug|Any CPU.Build.0 = Debug|Any CPU
		{D4AAFBDC-C01F-4A8B-99EB-2C3119A140D0}.Release|Any CPU.ActiveCfg = Release|Any CPU
		{D4AAFBDC-C01F-4A8B-99EB-2C3119A140D0}.Release|Any CPU.Build.0 = Release|Any CPU
	EndGlobalSection
	GlobalSection(SolutionProperties) = preSolution
		HideSolutionNode = FALSE
	EndGlobalSection
EndGlobal
